{
  "lockfileVersion": 1,
  "workspaces": {
    "": {
      "name": "nekowm",
      "dependencies": {
        "child-process": "^1.0.2",
        "keyspy": "^1.1.1",
        "x11": "^2.3.0",
      },
      "devDependencies": {
        "@types/bun": "latest",
      },
      "peerDependencies": {
        "typescript": "^5",
      },
    },
  },
  "packages": {
    "@colors/colors": ["@colors/colors@1.5.0", "", {}, "sha512-ooWCrlZP11i8GImSjTHYHLkvFDP48nS4+204nGb1RiX/WXYHmJA2III9/e2DWVabCESdW7hBAEzHRqUn9OUVvQ=="],

    "@expo/sudo-prompt": ["@expo/sudo-prompt@9.3.2", "", {}, "sha512-HHQigo3rQWKMDzYDLkubN5WQOYXJJE2eNqIQC2axC2iO3mHdwnIR7FgZVvHWtBwAdzBgAP0ECp8KqS8TiMKvgw=="],

    "@types/bun": ["@types/bun@1.2.22", "", { "dependencies": { "bun-types": "1.2.22" } }, "sha512-5A/KrKos2ZcN0c6ljRSOa1fYIyCKhZfIVYeuyb4snnvomnpFqC0tTsEkdqNxbAgExV384OETQ//WAjl3XbYqQA=="],

    "@types/node": ["@types/node@24.5.0", "", { "dependencies": { "undici-types": "~7.12.0" } }, "sha512-y1dMvuvJspJiPSDZUQ+WMBvF7dpnEqN4x9DDC9ie5Fs/HUZJA3wFp7EhHoVaKX/iI0cRoECV8X2jL8zi0xrHCg=="],

    "@types/react": ["@types/react@19.1.13", "", { "dependencies": { "csstype": "^3.0.2" } }, "sha512-hHkbU/eoO3EG5/MZkuFSKmYqPbSVk5byPFa3e7y/8TybHiLMACgI8seVYlicwk7H5K/rI2px9xrQp/C+AUDTiQ=="],

    "ansi-regex": ["ansi-regex@5.0.1", "", {}, "sha512-quJQXlTSUGL2LH9SUXo8VwsY4soanhgo6LNSm84E1LBcE8s3O0wpdiRzyR9z/ZZJMlMWv37qOOb9pdJlMUEKFQ=="],

    "bun-types": ["bun-types@1.2.22", "", { "dependencies": { "@types/node": "*" }, "peerDependencies": { "@types/react": "^19" } }, "sha512-hwaAu8tct/Zn6Zft4U9BsZcXkYomzpHJX28ofvx7k0Zz2HNz54n1n+tDgxoWFGB4PcFvJXJQloPhaV2eP3Q6EA=="],

    "child-process": ["child-process@1.0.2", "", {}, "sha512-e45+JmjvkV2XQsJ9rUJghiYJ7/9Uk8fyYi1UwfP071VmGKBu/oD1OIwuD0+jSwjMtQkV0a0FVpPTEW+XGlbSdw=="],

    "cli-table3": ["cli-table3@0.6.5", "", { "dependencies": { "string-width": "^4.2.0" }, "optionalDependencies": { "@colors/colors": "1.5.0" } }, "sha512-+W/5efTR7y5HRD7gACw9yQjqMVvEMLBHmboM/kPWam+H+Hmyrgjh6YncVKK122YZkXrLudzTuAukUw9FnMf7IQ=="],

    "csstype": ["csstype@3.1.3", "", {}, "sha512-M1uQkMl8rQK/szD0LNhtqxIPLpimGm8sOBwU7lLnCpSbTyY3yeU1Vc7l4KT5zT4s/yOxHH5O7tIuuLOCnLADRw=="],

    "emoji-regex": ["emoji-regex@8.0.0", "", {}, "sha512-MSjYzcWNOA0ewAHpz0MxpYFvwg6yjy1NG3xteoqz644VCo/RPgnr1/GGt+ic3iJTzQ8Eu3TdM14SawnVUmGE6A=="],

    "is-fullwidth-code-point": ["is-fullwidth-code-point@3.0.0", "", {}, "sha512-zymm5+u+sCsSWyD9qNaejV3DFvhCKclKdizYaJUuHA83RLjb7nSuGnddCHGv0hk+KY7BMAlsWeK4Ueg6EV6XQg=="],

    "keyspy": ["keyspy@1.1.1", "", { "dependencies": { "@expo/sudo-prompt": "^9.3.2", "cli-table3": "^0.6.5" }, "bin": { "keyspy": "bin/keyspy" } }, "sha512-2cXIS3RB6+0rUEIwB10OSkGfYWc9ktwa4rjIeiZVci2CYZsWK1ycCL7WdDOdW6a8FmiVCvZSKHMswAvmowiYKg=="],

    "os-homedir": ["os-homedir@1.0.2", "", {}, "sha512-B5JU3cabzk8c67mRRd3ECmROafjYMXbuzlwtqdM8IbS8ktlTix8aFGb2bAGKrSRIlnfKwovGUUr72JUPyOb6kQ=="],

    "string-width": ["string-width@4.2.3", "", { "dependencies": { "emoji-regex": "^8.0.0", "is-fullwidth-code-point": "^3.0.0", "strip-ansi": "^6.0.1" } }, "sha512-wKyQRQpjJ0sIp62ErSZdGsjMJWsap5oRNihHhu6G7JVO/9jIB6UyevL+tXuOqrng8j/cxKTWyWUwvSTriiZz/g=="],

    "strip-ansi": ["strip-ansi@6.0.1", "", { "dependencies": { "ansi-regex": "^5.0.1" } }, "sha512-Y38VPSHcqkFrCpFnQ9vuSXmquuv5oXOKpGeT6aGrr3o3Gc9AlVa6JBfUSOCnbxGGZF+/0ooI7KrPuUSztUdU5A=="],

    "typescript": ["typescript@5.9.2", "", { "bin": { "tsc": "bin/tsc", "tsserver": "bin/tsserver" } }, "sha512-CWBzXQrc/qOkhidw1OzBTQuYRbfyxDXJMVJ1XNwUHGROVmuaeiEm3OslpZ1RV96d7SKKjZKrSJu3+t/xlw3R9A=="],

    "undici-types": ["undici-types@7.12.0", "", {}, "sha512-goOacqME2GYyOZZfb5Lgtu+1IDmAlAEu5xnD3+xTzS10hT0vzpf0SPjkXwAw9Jm+4n/mQGDP3LO8CPbYROeBfQ=="],

    "x11": ["x11@2.3.0", "", { "dependencies": { "os-homedir": "^1.0.1" } }, "sha512-Ep4DbqZkVHvZNVht+vvELcfdpGKnfh2kZuKdXqyZdtJx3UdvgUGrMQ9lwPNV33tDs86MF4YagC6+E2fZXikF6A=="],
  }
}
